
Microsoft Visual Studio Solution File, Format Version 12.00
# Visual Studio Version 17
VisualStudioVersion = 17.2.32602.215
MinimumVisualStudioVersion = 10.0.40219.1
Project("{FAE04EC0-301F-11D3-BF4B-00C04F79EFBC}") = "MyKeep", "MyKeep.csproj", "{9581EE47-E942-445A-BDF1-BD8588EFBF1C}"
EndProject
Global
	GlobalSection(SolutionConfigurationPlatforms) = preSolution
		Debug|Any CPU = Debug|Any CPU
		Release|Any CPU = Release|Any CPU
	EndGlobalSection
	GlobalSection(ProjectConfigurationPlatforms) = postSolution
		{9581EE47-E942-445A-BDF1-BD8588EFBF1C}.Debug|Any CPU.ActiveCfg = Debug|Any CPU
		{9581EE47-E942-445A-BDF1-BD8588EFBF1C}.Debug|Any CPU.Build.0 = Debug|Any CPU
		{9581EE47-E942-445A-BDF1-BD8588EFBF1C}.Release|Any CPU.ActiveCfg = Release|Any CPU
		{9581EE47-E942-445A-BDF1-BD8588EFBF1C}.Release|Any CPU.Build.0 = Release|Any CPU
	EndGlobalSection
	GlobalSection(SolutionProperties) = preSolution
		HideSolutionNode = FALSE
	EndGlobalSection
	GlobalSection(ExtensibilityGlobals) = postSolution
		SolutionGuid = {2F8F9A68-721D-4331-9295-1DBBA7B58460}
	EndGlobalSection
EndGlobal
